
Microsoft Visual Studio Solution File, Format Version 12.00
# Visual Studio Version 17
VisualStudioVersion = 17.4.33205.214
MinimumVisualStudioVersion = 10.0.40219.1
Project("{FAE04EC0-301F-11D3-BF4B-00C04F79EFBC}") = "Interpreter", "Interpreter\Interpreter.csproj", "{5FF4B5B1-98FE-4B40-AF7C-6B0A8FD6F413}"
EndProject
Project("{FAE04EC0-301F-11D3-BF4B-00C04F79EFBC}") = "WindowApp", "WindowApp\WindowApp.csproj", "{1681BB66-375B-47DD-A090-D032C84E4FFD}"
EndProject
Global
	GlobalSection(SolutionConfigurationPlatforms) = preSolution
		Debug|Any CPU = Debug|Any CPU
		Release|Any CPU = Release|Any CPU
	EndGlobalSection
	GlobalSection(ProjectConfigurationPlatforms) = postSolution
		{5FF4B5B1-98FE-4B40-AF7C-6B0A8FD6F413}.Debug|Any CPU.ActiveCfg = Debug|Any CPU
		{5FF4B5B1-98FE-4B40-AF7C-6B0A8FD6F413}.Debug|Any CPU.Build.0 = Debug|Any CPU
		{5FF4B5B1-98FE-4B40-AF7C-6B0A8FD6F413}.Release|Any CPU.ActiveCfg = Release|Any CPU
		{5FF4B5B1-98FE-4B40-AF7C-6B0A8FD6F413}.Release|Any CPU.Build.0 = Release|Any CPU
		{1681BB66-375B-47DD-A090-D032C84E4FFD}.Debug|Any CPU.ActiveCfg = Debug|Any CPU
		{1681BB66-375B-47DD-A090-D032C84E4FFD}.Debug|Any CPU.Build.0 = Debug|Any CPU
		{1681BB66-375B-47DD-A090-D032C84E4FFD}.Release|Any CPU.ActiveCfg = Release|Any CPU
		{1681BB66-375B-47DD-A090-D032C84E4FFD}.Release|Any CPU.Build.0 = Release|Any CPU
	EndGlobalSection
	GlobalSection(SolutionProperties) = preSolution
		HideSolutionNode = FALSE
	EndGlobalSection
	GlobalSection(ExtensibilityGlobals) = postSolution
		SolutionGuid = {0134011E-27BD-46EA-B66F-89EAA3F26DF6}
	EndGlobalSection
EndGlobal
